
Microsoft Visual Studio Solution File, Format Version 12.00
# Visual Studio 15
VisualStudioVersion = 15.0.27703.2035
MinimumVisualStudioVersion = 10.0.40219.1
Project("{FAE04EC0-301F-11D3-BF4B-00C04F79EFBC}") = "CollectDataApp", "CollectDataApp\CollectDataApp.csproj", "{8F4B615F-7952-4AFC-AEDD-02FFFA46F04B}"
EndProject
Global
	GlobalSection(SolutionConfigurationPlatforms) = preSolution
		Debug|Any CPU = Debug|Any CPU
		Release|Any CPU = Release|Any CPU
	EndGlobalSection
	GlobalSection(ProjectConfigurationPlatforms) = postSolution
		{8F4B615F-7952-4AFC-AEDD-02FFFA46F04B}.Debug|Any CPU.ActiveCfg = Debug|Any CPU
		{8F4B615F-7952-4AFC-AEDD-02FFFA46F04B}.Debug|Any CPU.Build.0 = Debug|Any CPU
		{8F4B615F-7952-4AFC-AEDD-02FFFA46F04B}.Release|Any CPU.ActiveCfg = Release|Any CPU
		{8F4B615F-7952-4AFC-AEDD-02FFFA46F04B}.Release|Any CPU.Build.0 = Release|Any CPU
	EndGlobalSection
	GlobalSection(SolutionProperties) = preSolution
		HideSolutionNode = FALSE
	EndGlobalSection
	GlobalSection(ExtensibilityGlobals) = postSolution
		SolutionGuid = {DDC91E74-E1E2-45BA-A51B-2A49B67230FF}
	EndGlobalSection
EndGlobal
